<?xml version="1.0" encoding="UTF-8" standalone="yes" ?>
<CodeBlocks_project_file>
	<FileVersion major="1" minor="6" />
	<Project>
		<Option title="oldmargonem" />
		<Option pch_mode="2" />
		<Option compiler="gcc" />
		<Build>
			<Target title="Debug">
				<Option output="bin/Debug/oldmargonem" prefix_auto="1" extension_auto="1" />
				<Option object_output="obj/Debug/" />
				<Option type="1" />
				<Option compiler="gcc" />
				<Compiler>
					<Add option="-g" />
				</Compiler>
			</Target>
			<Target title="Release">
				<Option output="bin/Release/oldmargonem" prefix_auto="1" extension_auto="1" />
				<Option object_output="obj/Release/" />
				<Option type="0" />
				<Option compiler="gcc" />
				<Compiler>
					<Add option="-O2" />
				</Compiler>
				<Linker>
					<Add option="-s" />
				</Linker>
			</Target>
		</Build>
		<Compiler>
			<Add option="-Wall" />
			<Add option="-std=c++1z" />
		</Compiler>
		<Linker>
			<Add option="-lPocoNet" />
			<Add library="sfml-network" />
			<Add library="sfml-graphics" />
			<Add library="sfml-window" />
			<Add library="sfml-system" />
		</Linker>
		<Unit filename="config.hpp" />
		<Unit filename="engine.cpp" />
		<Unit filename="engine.hpp" />
		<Unit filename="hero.cpp" />
		<Unit filename="hero.hpp" />
		<Unit filename="main.cpp" />
		<Unit filename="map.cpp" />
		<Unit filename="map.hpp" />
		<Unit filename="myclock.cpp" />
		<Unit filename="myclock.hpp" />
		<Unit filename="mykeyboard.cpp" />
		<Unit filename="mykeyboard.hpp" />
		<Unit filename="network.cpp" />
		<Unit filename="network.hpp" />
		<Unit filename="resource_manager.cpp" />
		<Unit filename="resource_manager.hpp" />
		<Extensions>
			<envvars />
			<code_completion />
			<debugger />
		</Extensions>
	</Project>
</CodeBlocks_project_file>
